{
    "name": "mwaune",
    "version": "1.0.0",
    "lockfileVersion": 3,
    "requires": true,
    "packages": {
        "": {
            "name": "mwaune",
            "version": "1.0.0",
            "license": "ISC",
            "dependencies": {
                "fp-ts": "^2.16.11",
                "ramda": "^0.32.0",
                "underscore": "^1.13.8"
            },
            "devDependencies": {
                "@huggingface/prettier-plugin-vertical-align": "^0.3.1",
                "@types/node": "^26.4.0",
                "@types/ramda": "^0.32.0",
                "@types/underscore": "^1.13.0"
            }
        },
        "node_modules/@huggingface/prettier-plugin-vertical-align": {
            "version": "0.3.1",
            "resolved": "https://registry.npmjs.org/@huggingface/prettier-plugin-vertical-align/-/prettier-plugin-vertical-align-0.3.1.tgz",
            "integrity": "sha512-XGjT6aNTWJmco1zFe8Pse0c0WeZdOevxMO/hQnHPsiGd2iHq13Hnj/sXVnKr2a9Ii8G4ylcaBNcbw8X+abg/Ew==",
            "dev": true,
            "license": "ISC",
            "peerDependencies": {
                "prettier": "^3.0.0"
            }
        },
        "node_modules/@types/node": {
            "version": "26.4.0",
            "resolved": "https://registry.npmjs.org/@types/node/-/node-26.4.0.tgz",
            "integrity": "sha512-faiGnoIrLH/V8cibOMEAZ8pMw6oXqSukl29ra4mN8GdaB2ZewzeaLj+INpV5N+Z1eKWzY+IzaIZH2EIR6YZRNQ==",
            "dev": true,
            "license": "MIT",
            "dependencies": {
                "undici-types": "~8.3.0"
            }
        },
        "node_modules/@types/ramda": {
            "version": "0.32.0",
            "resolved": "https://registry.npmjs.org/@types/ramda/-/ramda-0.32.0.tgz",
            "integrity": "sha512-eTRIFYUxjVvZimlPNpXzXc3j4tnSYc7lBsD7X3zwtRvJML3qXclM4+m8vvmAZAHhBASKPmZAp6qu2C/DwJpBGQ==",
            "dev": true,
            "license": "MIT",
            "dependencies": {
                "types-ramda": "^0.32.0"
            }
        },
        "node_modules/@types/underscore": {
            "version": "1.13.0",
            "resolved": "https://registry.npmjs.org/@types/underscore/-/underscore-1.13.0.tgz",
            "integrity": "sha512-L6LBgy1f0EFQZ+7uSA57+n2g/s4Qs5r06Vwrwn0/nuK1de+adz00NWaztRQ30aEqw5qOaWbPI8u2cGQ52lj6VA==",
            "dev": true,
            "license": "MIT"
        },
        "node_modules/fp-ts": {
            "version": "2.16.11",
            "resolved": "https://registry.npmjs.org/fp-ts/-/fp-ts-2.16.11.tgz",
            "integrity": "sha512-LaI+KaX2NFkfn1ZGHoKCmcfv7yrZsC3b8NtWsTVQeHkq4F27vI5igUuO53sxqDEa2gNQMHFPmpojDw/1zmUK7w==",
            "license": "MIT"
        },
        "node_modules/prettier": {
            "version": "3.9.6",
            "resolved": "https://registry.npmjs.org/prettier/-/prettier-3.9.6.tgz",
            "integrity": "sha512-OpN0zzVdiaiAhxpuuj5efpIS4sY9j7bY6uR5mnj5yPzGkdkjNKSJeUThPb60Jw29QuAZgA4o+/iB49kFiaBX6g==",
            "dev": true,
            "license": "MIT",
            "peer": true,
            "bin": {
                "prettier": "bin/prettier.cjs"
            },
            "engines": {
                "node": ">=14"
            },
            "funding": {
                "url": "https://github.com/prettier/prettier?sponsor=1"
            }
        },
        "node_modules/ramda": {
            "version": "0.32.0",
            "resolved": "https://registry.npmjs.org/ramda/-/ramda-0.32.0.tgz",
            "integrity": "sha512-GQWAHhxhxWBWA8oIBr1XahFVjQ9Fic6MK9ikijfd4TZHfE2+urfk+irVlR5VOn48uwMgM+loRRBJd6Yjsbc0zQ==",
            "license": "MIT",
            "funding": {
                "type": "opencollective",
                "url": "https://opencollective.com/ramda"
            }
        },
        "node_modules/ts-toolbelt": {
            "version": "9.6.0",
            "resolved": "https://registry.npmjs.org/ts-toolbelt/-/ts-toolbelt-9.6.0.tgz",
            "integrity": "sha512-nsZd8ZeNUzukXPlJmTBwUAuABDe/9qtVDelJeT/qW0ow3ZS3BsQJtNkan1802aM9Uf68/Y8ljw86Hu0h5IUW3w==",
            "dev": true,
            "license": "Apache-2.0"
        },
        "node_modules/types-ramda": {
            "version": "0.32.0",
            "resolved": "https://registry.npmjs.org/types-ramda/-/types-ramda-0.32.0.tgz",
            "integrity": "sha512-iZtriSUdsDqOlip/wUaDNcoiskbVf5RdcqLNpQdUcOM1JKFClochCvPZCDjn/cc9HzoBzi4DEB4iPr1PbrhN1w==",
            "dev": true,
            "license": "MIT",
            "dependencies": {
                "ts-toolbelt": "^9.6.0"
            }
        },
        "node_modules/underscore": {
            "version": "1.13.8",
            "resolved": "https://registry.npmjs.org/underscore/-/underscore-1.13.8.tgz",
            "integrity": "sha512-DXtD3ZtEQzc7M8m4cXotyHR+FAS18C64asBYY5vqZexfYryNNnDc02W4hKg3rdQuqOYas1jkseX0+nZXjTXnvQ==",
            "license": "MIT"
        },
        "node_modules/undici-types": {
            "version": "8.3.0",
            "resolved": "https://registry.npmjs.org/undici-types/-/undici-types-8.3.0.tgz",
            "integrity": "sha512-j375ScV60dom+YkPFIfTLcOiPxkN/buHz5GobjLhixFuANaNs3C9l4GmrWqejgXWJ7BbJcFYpTEUkS1Ge8bpZQ==",
            "dev": true,
            "license": "MIT"
        }
    }
}
